
Microsoft Visual Studio Solution File, Format Version 12.00
# Visual Studio 14
VisualStudioVersion = 14.0.25123.0
MinimumVisualStudioVersion = 10.0.40219.1
Project("{FAE04EC0-301F-11D3-BF4B-00C04F79EFBC}") = "ProgramLauncher", "ProgramLauncher\ProgramLauncher.csproj", "{269E9F92-CE07-4303-8223-5DF69768F1BF}"
EndProject
Project("{FAE04EC0-301F-11D3-BF4B-00C04F79EFBC}") = "DamerauLevenstein", "StringCompareThirdParty\DamerauLevenstein.csproj", "{75C1A6A9-16AB-49CD-BE17-ED8E2AE7A804}"
EndProject
Project("{2150E333-8FDC-42A3-9474-1A3956D46DE8}") = "ThirdParty", "ThirdParty", "{EEECE0A6-C1C9-4B61-B8BD-45D72074412C}"
EndProject
Global
	GlobalSection(SolutionConfigurationPlatforms) = preSolution
		Debug|Any CPU = Debug|Any CPU
		Release|Any CPU = Release|Any CPU
	EndGlobalSection
	GlobalSection(ProjectConfigurationPlatforms) = postSolution
		{269E9F92-CE07-4303-8223-5DF69768F1BF}.Debug|Any CPU.ActiveCfg = Debug|Any CPU
		{269E9F92-CE07-4303-8223-5DF69768F1BF}.Debug|Any CPU.Build.0 = Debug|Any CPU
		{269E9F92-CE07-4303-8223-5DF69768F1BF}.Release|Any CPU.ActiveCfg = Release|Any CPU
		{269E9F92-CE07-4303-8223-5DF69768F1BF}.Release|Any CPU.Build.0 = Release|Any CPU
		{75C1A6A9-16AB-49CD-BE17-ED8E2AE7A804}.Debug|Any CPU.ActiveCfg = Debug|Any CPU
		{75C1A6A9-16AB-49CD-BE17-ED8E2AE7A804}.Debug|Any CPU.Build.0 = Debug|Any CPU
		{75C1A6A9-16AB-49CD-BE17-ED8E2AE7A804}.Release|Any CPU.ActiveCfg = Release|Any CPU
		{75C1A6A9-16AB-49CD-BE17-ED8E2AE7A804}.Release|Any CPU.Build.0 = Release|Any CPU
	EndGlobalSection
	GlobalSection(SolutionProperties) = preSolution
		HideSolutionNode = FALSE
	EndGlobalSection
	GlobalSection(NestedProjects) = preSolution
		{75C1A6A9-16AB-49CD-BE17-ED8E2AE7A804} = {EEECE0A6-C1C9-4B61-B8BD-45D72074412C}
	EndGlobalSection
EndGlobal
